# Pinned production-performance baseline. Update only with
# scripts/refresh_supercop_lock.py and review the resulting source hashes.
version=20260627
url=https://bench.cr.yp.to/supercop/supercop-20260627.tar.xz
archive_sha256=420102cdc38ebfc2098dbe0dfb1366eb2871bdde9a8e5280722d28fdd0fbbcfa
ntruplus864_avx2_tree_sha256=13e0d983221e430a3cc5097042aa04dd1197981fb39761b02fbc845253107006
ntruplus1152_avx2_tree_sha256=78daf6b9a6350c02d61cbd9f4dd1e717503b91183fe399005e1369eb5c365010
