# Pinned production-performance baseline. Update only with
# scripts/refresh_supercop_lock.py and review the resulting source hashes.
version=20260831
url=https://bench.cr.yp.to/supercop/supercop-20260831.tar.xz
archive_sha256=9a258febbfbbf6de0c09cee73f343d4014597c259415e78a598b7af4b1787208
ntruplus768_avx2_tree_sha256=8db00172e705b67e231b63708295781d65681fef2c7422d717fe91ab48d576e7
ntruplus864_avx2_tree_sha256=13e0d983221e430a3cc5097042aa04dd1197981fb39761b02fbc845253107006
ntruplus1152_avx2_tree_sha256=78daf6b9a6350c02d61cbd9f4dd1e717503b91183fe399005e1369eb5c365010
